// !$*UTF8*$!
{
	archiveVersion = 1;
	classes = {
	};
	objectVersion = 50;
	objects = {

/* Begin PBXBuildFile section */
		115A59FA225088030056ABE0 /* AppDelegate.swift in Sources */ = {isa = PBXBuildFile; fileRef = 115A59F9225088030056ABE0 /* AppDelegate.swift */; };
		115A59FC225088030056ABE0 /* ViewController.swift in Sources */ = {isa = PBXBuildFile; fileRef = 115A59FB225088030056ABE0 /* ViewController.swift */; };
		115A59FF225088030056ABE0 /* Main.storyboard in Resources */ = {isa = PBXBuildFile; fileRef = 115A59FD225088030056ABE0 /* Main.storyboard */; };
		115A5A01225088040056ABE0 /* Assets.xcassets in Resources */ = {isa = PBXBuildFile; fileRef = 115A5A00225088040056ABE0 /* Assets.xcassets */; };
		115A5A04225088040056ABE0 /* LaunchScreen.storyboard in Resources */ = {isa = PBXBuildFile; fileRef = 115A5A02225088040056ABE0 /* LaunchScreen.storyboard */; };
		115A5A0F225088040056ABE0 /* MusicTests.swift in Sources */ = {isa = PBXBuildFile; fileRef = 115A5A0E225088040056ABE0 /* MusicTests.swift */; };
		115A5A1A225088040056ABE0 /* MusicUITests.swift in Sources */ = {isa = PBXBuildFile; fileRef = 115A5A19225088040056ABE0 /* MusicUITests.swift */; };
		115A5A2E225088190056ABE0 /* aki.png in Resources */ = {isa = PBXBuildFile; fileRef = 115A5A28225088190056ABE0 /* aki.png */; };
		115A5A2F225088190056ABE0 /* natsu.mp3 in Resources */ = {isa = PBXBuildFile; fileRef = 115A5A29225088190056ABE0 /* natsu.mp3 */; };
		115A5A30225088190056ABE0 /* ame.mp3 in Resources */ = {isa = PBXBuildFile; fileRef = 115A5A2A225088190056ABE0 /* ame.mp3 */; };
		115A5A31225088190056ABE0 /* natsu.png in Resources */ = {isa = PBXBuildFile; fileRef = 115A5A2B225088190056ABE0 /* natsu.png */; };
		115A5A32225088190056ABE0 /* ame.png in Resources */ = {isa = PBXBuildFile; fileRef = 115A5A2C225088190056ABE0 /* ame.png */; };
		115A5A33225088190056ABE0 /* aki.mp3 in Resources */ = {isa = PBXBuildFile; fileRef = 115A5A2D225088190056ABE0 /* aki.mp3 */; };
/* End PBXBuildFile section */

/* Begin PBXContainerItemProxy section */
		115A5A0B225088040056ABE0 /* PBXContainerItemProxy */ = {
			isa = PBXContainerItemProxy;
			containerPortal = 115A59EE225088030056ABE0 /* Project object */;
			proxyType = 1;
			remoteGlobalIDString = 115A59F5225088030056ABE0;
			remoteInfo = Music;
		};
		115A5A16225088040056ABE0 /* PBXContainerItemProxy */ = {
			isa = PBXContainerItemProxy;
			containerPortal = 115A59EE225088030056ABE0 /* Project object */;
			proxyType = 1;
			remoteGlobalIDString = 115A59F5225088030056ABE0;
			remoteInfo = Music;
		};
/* End PBXContainerItemProxy section */

/* Begin PBXFileReference section */
		115A59F6225088030056ABE0 /* Music.app */ = {isa = PBXFileReference; explicitFileType = wrapper.application; includeInIndex = 0; path = Music.app; sourceTree = BUILT_PRODUCTS_DIR; };
		115A59F9225088030056ABE0 /* AppDelegate.swift */ = {isa = PBXFileReference; lastKnownFileType = sourcecode.swift; path = AppDelegate.swift; sourceTree = "<group>"; };
		115A59FB225088030056ABE0 /* ViewController.swift */ = {isa = PBXFileReference; lastKnownFileType = sourcecode.swift; path = ViewController.swift; sourceTree = "<group>"; };
		115A59FE225088030056ABE0 /* Base */ = {isa = PBXFileReference; lastKnownFileType = file.storyboard; name = Base; path = Base.lproj/Main.storyboard; sourceTree = "<group>"; };
		115A5A00225088040056ABE0 /* Assets.xcassets */ = {isa = PBXFileReference; lastKnownFileType = folder.assetcatalog; path = Assets.xcassets; sourceTree = "<group>"; };
		115A5A03225088040056ABE0 /* Base */ = {isa = PBXFileReference; lastKnownFileType = file.storyboard; name = Base; path = Base.lproj/LaunchScreen.storyboard; sourceTree = "<group>"; };
		115A5A05225088040056ABE0 /* Info.plist */ = {isa = PBXFileReference; lastKnownFileType = text.plist.xml; path = Info.plist; sourceTree = "<group>"; };
		115A5A0A225088040056ABE0 /* MusicTests.xctest */ = {isa = PBXFileReference; explicitFileType = wrapper.cfbundle; includeInIndex = 0; path = MusicTests.xctest; sourceTree = BUILT_PRODUCTS_DIR; };
		115A5A0E225088040056ABE0 /* MusicTests.swift */ = {isa = PBXFileReference; lastKnownFileType = sourcecode.swift; path = MusicTests.swift; sourceTree = "<group>"; };
		115A5A10225088040056ABE0 /* Info.plist */ = {isa = PBXFileReference; lastKnownFileType = text.plist.xml; path = Info.plist; sourceTree = "<group>"; };
		115A5A15225088040056ABE0 /* MusicUITests.xctest */ = {isa = PBXFileReference; explicitFileType = wrapper.cfbundle; includeInIndex = 0; path = MusicUITests.xctest; sourceTree = BUILT_PRODUCTS_DIR; };
		115A5A19225088040056ABE0 /* MusicUITests.swift */ = {isa = PBXFileReference; lastKnownFileType = sourcecode.swift; path = MusicUITests.swift; sourceTree = "<group>"; };
		115A5A1B225088040056ABE0 /* Info.plist */ = {isa = PBXFileReference; lastKnownFileType = text.plist.xml; path = Info.plist; sourceTree = "<group>"; };
		115A5A28225088190056ABE0 /* aki.png */ = {isa = PBXFileReference; lastKnownFileType = image.png; path = aki.png; sourceTree = "<group>"; };
		115A5A29225088190056ABE0 /* natsu.mp3 */ = {isa = PBXFileReference; lastKnownFileType = audio.mp3; path = natsu.mp3; sourceTree = "<group>"; };
		115A5A2A225088190056ABE0 /* ame.mp3 */ = {isa = PBXFileReference; lastKnownFileType = audio.mp3; path = ame.mp3; sourceTree = "<group>"; };
		115A5A2B225088190056ABE0 /* natsu.png */ = {isa = PBXFileReference; lastKnownFileType = image.png; path = natsu.png; sourceTree = "<group>"; };
		115A5A2C225088190056ABE0 /* ame.png */ = {isa = PBXFileReference; lastKnownFileType = image.png; path = ame.png; sourceTree = "<group>"; };
		115A5A2D225088190056ABE0 /* aki.mp3 */ = {isa = PBXFileReference; lastKnownFileType = audio.mp3; path = aki.mp3; sourceTree = "<group>"; };
/* End PBXFileReference section */

/* Begin PBXFrameworksBuildPhase section */
		115A59F3225088030056ABE0 /* Frameworks */ = {
			isa = PBXFrameworksBuildPhase;
			buildActionMask = 2147483647;
			files = (
			);
			runOnlyForDeploymentPostprocessing = 0;
		};
		115A5A07225088040056ABE0 /* Frameworks */ = {
			isa = PBXFrameworksBuildPhase;
			buildActionMask = 2147483647;
			files = (
			);
			runOnlyForDeploymentPostprocessing = 0;
		};
		115A5A12225088040056ABE0 /* Frameworks */ = {
			isa = PBXFrameworksBuildPhase;
			buildActionMask = 2147483647;
			files = (
			);
			runOnlyForDeploymentPostprocessing = 0;
		};
/* End PBXFrameworksBuildPhase section */

/* Begin PBXGroup section */
		115A59ED225088030056ABE0 = {
			isa = PBXGroup;
			children = (
				115A59F8225088030056ABE0 /* Music */,
				115A5A0D225088040056ABE0 /* MusicTests */,
				115A5A18225088040056ABE0 /* MusicUITests */,
				115A59F7225088030056ABE0 /* Products */,
			);
			sourceTree = "<group>";
		};
		115A59F7225088030056ABE0 /* Products */ = {
			isa = PBXGroup;
			children = (
				115A59F6225088030056ABE0 /* Music.app */,
				115A5A0A225088040056ABE0 /* MusicTests.xctest */,
				115A5A15225088040056ABE0 /* MusicUITests.xctest */,
			);
			name = Products;
			sourceTree = "<group>";
		};
		115A59F8225088030056ABE0 /* Music */ = {
			isa = PBXGroup;
			children = (
				115A5A27225088190056ABE0 /* Music素材 */,
				115A59F9225088030056ABE0 /* AppDelegate.swift */,
				115A59FB225088030056ABE0 /* ViewController.swift */,
				115A59FD225088030056ABE0 /* Main.storyboard */,
				115A5A00225088040056ABE0 /* Assets.xcassets */,
				115A5A02225088040056ABE0 /* LaunchScreen.storyboard */,
				115A5A05225088040056ABE0 /* Info.plist */,
			);
			path = Music;
			sourceTree = "<group>";
		};
		115A5A0D225088040056ABE0 /* MusicTests */ = {
			isa = PBXGroup;
			children = (
				115A5A0E225088040056ABE0 /* MusicTests.swift */,
				115A5A10225088040056ABE0 /* Info.plist */,
			);
			path = MusicTests;
			sourceTree = "<group>";
		};
		115A5A18225088040056ABE0 /* MusicUITests */ = {
			isa = PBXGroup;
			children = (
				115A5A19225088040056ABE0 /* MusicUITests.swift */,
				115A5A1B225088040056ABE0 /* Info.plist */,
			);
			path = MusicUITests;
			sourceTree = "<group>";
		};
		115A5A27225088190056ABE0 /* Music素材 */ = {
			isa = PBXGroup;
			children = (
				115A5A28225088190056ABE0 /* aki.png */,
				115A5A29225088190056ABE0 /* natsu.mp3 */,
				115A5A2A225088190056ABE0 /* ame.mp3 */,
				115A5A2B225088190056ABE0 /* natsu.png */,
				115A5A2C225088190056ABE0 /* ame.png */,
				115A5A2D225088190056ABE0 /* aki.mp3 */,
			);
			path = "Music素材";
			sourceTree = "<group>";
		};
/* End PBXGroup section */

/* Begin PBXNativeTarget section */
		115A59F5225088030056ABE0 /* Music */ = {
			isa = PBXNativeTarget;
			buildConfigurationList = 115A5A1E225088040056ABE0 /* Build configuration list for PBXNativeTarget "Music" */;
			buildPhases = (
				115A59F2225088030056ABE0 /* Sources */,
				115A59F3225088030056ABE0 /* Frameworks */,
				115A59F4225088030056ABE0 /* Resources */,
			);
			buildRules = (
			);
			dependencies = (
			);
			name = Music;
			productName = Music;
			productReference = 115A59F6225088030056ABE0 /* Music.app */;
			productType = "com.apple.product-type.application";
		};
		115A5A09225088040056ABE0 /* MusicTests */ = {
			isa = PBXNativeTarget;
			buildConfigurationList = 115A5A21225088040056ABE0 /* Build configuration list for PBXNativeTarget "MusicTests" */;
			buildPhases = (
				115A5A06225088040056ABE0 /* Sources */,
				115A5A07225088040056ABE0 /* Frameworks */,
				115A5A08225088040056ABE0 /* Resources */,
			);
			buildRules = (
			);
			dependencies = (
				115A5A0C225088040056ABE0 /* PBXTargetDependency */,
			);
			name = MusicTests;
			productName = MusicTests;
			productReference = 115A5A0A225088040056ABE0 /* MusicTests.xctest */;
			productType = "com.apple.product-type.bundle.unit-test";
		};
		115A5A14225088040056ABE0 /* MusicUITests */ = {
			isa = PBXNativeTarget;
			buildConfigurationList = 115A5A24225088040056ABE0 /* Build configuration list for PBXNativeTarget "MusicUITests" */;
			buildPhases = (
				115A5A11225088040056ABE0 /* Sources */,
				115A5A12225088040056ABE0 /* Frameworks */,
				115A5A13225088040056ABE0 /* Resources */,
			);
			buildRules = (
			);
			dependencies = (
				115A5A17225088040056ABE0 /* PBXTargetDependency */,
			);
			name = MusicUITests;
			productName = MusicUITests;
			productReference = 115A5A15225088040056ABE0 /* MusicUITests.xctest */;
			productType = "com.apple.product-type.bundle.ui-testing";
		};
/* End PBXNativeTarget section */

/* Begin PBXProject section */
		115A59EE225088030056ABE0 /* Project object */ = {
			isa = PBXProject;
			attributes = {
				LastSwiftUpdateCheck = 1010;
				LastUpgradeCheck = 1010;
				ORGANIZATIONNAME = "Sakine Nishibayashi";
				TargetAttributes = {
					115A59F5225088030056ABE0 = {
						CreatedOnToolsVersion = 10.1;
					};
					115A5A09225088040056ABE0 = {
						CreatedOnToolsVersion = 10.1;
						TestTargetID = 115A59F5225088030056ABE0;
					};
					115A5A14225088040056ABE0 = {
						CreatedOnToolsVersion = 10.1;
						TestTargetID = 115A59F5225088030056ABE0;
					};
				};
			};
			buildConfigurationList = 115A59F1225088030056ABE0 /* Build configuration list for PBXProject "Music" */;
			compatibilityVersion = "Xcode 9.3";
			developmentRegion = en;
			hasScannedForEncodings = 0;
			knownRegions = (
				en,
				Base,
			);
			mainGroup = 115A59ED225088030056ABE0;
			productRefGroup = 115A59F7225088030056ABE0 /* Products */;
			projectDirPath = "";
			projectRoot = "";
			targets = (
				115A59F5225088030056ABE0 /* Music */,
				115A5A09225088040056ABE0 /* MusicTests */,
				115A5A14225088040056ABE0 /* MusicUITests */,
			);
		};
/* End PBXProject section */

/* Begin PBXResourcesBuildPhase section */
		115A59F4225088030056ABE0 /* Resources */ = {
			isa = PBXResourcesBuildPhase;
			buildActionMask = 2147483647;
			files = (
				115A5A30225088190056ABE0 /* ame.mp3 in Resources */,
				115A5A04225088040056ABE0 /* LaunchScreen.storyboard in Resources */,
				115A5A2F225088190056ABE0 /* natsu.mp3 in Resources */,
				115A5A33225088190056ABE0 /* aki.mp3 in Resources */,
				115A5A01225088040056ABE0 /* Assets.xcassets in Resources */,
				115A59FF225088030056ABE0 /* Main.storyboard in Resources */,
				115A5A32225088190056ABE0 /* ame.png in Resources */,
				115A5A31225088190056ABE0 /* natsu.png in Resources */,
				115A5A2E225088190056ABE0 /* aki.png in Resources */,
			);
			runOnlyForDeploymentPostprocessing = 0;
		};
		115A5A08225088040056ABE0 /* Resources */ = {
			isa = PBXResourcesBuildPhase;
			buildActionMask = 2147483647;
			files = (
			);
			runOnlyForDeploymentPostprocessing = 0;
		};
		115A5A13225088040056ABE0 /* Resources */ = {
			isa = PBXResourcesBuildPhase;
			buildActionMask = 2147483647;
			files = (
			);
			runOnlyForDeploymentPostprocessing = 0;
		};
/* End PBXResourcesBuildPhase section */

/* Begin PBXSourcesBuildPhase section */
		115A59F2225088030056ABE0 /* Sources */ = {
			isa = PBXSourcesBuildPhase;
			buildActionMask = 2147483647;
			files = (
				115A59FC225088030056ABE0 /* ViewController.swift in Sources */,
				115A59FA225088030056ABE0 /* AppDelegate.swift in Sources */,
			);
			runOnlyForDeploymentPostprocessing = 0;
		};
		115A5A06225088040056ABE0 /* Sources */ = {
			isa = PBXSourcesBuildPhase;
			buildActionMask = 2147483647;
			files = (
				115A5A0F225088040056ABE0 /* MusicTests.swift in Sources */,
			);
			runOnlyForDeploymentPostprocessing = 0;
		};
		115A5A11225088040056ABE0 /* Sources */ = {
			isa = PBXSourcesBuildPhase;
			buildActionMask = 2147483647;
			files = (
				115A5A1A225088040056ABE0 /* MusicUITests.swift in Sources */,
			);
			runOnlyForDeploymentPostprocessing = 0;
		};
/* End PBXSourcesBuildPhase section */

/* Begin PBXTargetDependency section */
		115A5A0C225088040056ABE0 /* PBXTargetDependency */ = {
			isa = PBXTargetDependency;
			target = 115A59F5225088030056ABE0 /* Music */;
			targetProxy = 115A5A0B225088040056ABE0 /* PBXContainerItemProxy */;
		};
		115A5A17225088040056ABE0 /* PBXTargetDependency */ = {
			isa = PBXTargetDependency;
			target = 115A59F5225088030056ABE0 /* Music */;
			targetProxy = 115A5A16225088040056ABE0 /* PBXContainerItemProxy */;
		};
/* End PBXTargetDependency section */

/* Begin PBXVariantGroup section */
		115A59FD225088030056ABE0 /* Main.storyboard */ = {
			isa = PBXVariantGroup;
			children = (
				115A59FE225088030056ABE0 /* Base */,
			);
			name = Main.storyboard;
			sourceTree = "<group>";
		};
		115A5A02225088040056ABE0 /* LaunchScreen.storyboard */ = {
			isa = PBXVariantGroup;
			children = (
				115A5A03225088040056ABE0 /* Base */,
			);
			name = LaunchScreen.storyboard;
			sourceTree = "<group>";
		};
/* End PBXVariantGroup section */

/* Begin XCBuildConfiguration section */
		115A5A1C225088040056ABE0 /* Debug */ = {
			isa = XCBuildConfiguration;
			buildSettings = {
				ALWAYS_SEARCH_USER_PATHS = NO;
				CLANG_ANALYZER_NONNULL = YES;
				CLANG_ANALYZER_NUMBER_OBJECT_CONVERSION = YES_AGGRESSIVE;
				CLANG_CXX_LANGUAGE_STANDARD = "gnu++14";
				CLANG_CXX_LIBRARY = "libc++";
				CLANG_ENABLE_MODULES = YES;
				CLANG_ENABLE_OBJC_ARC = YES;
				CLANG_ENABLE_OBJC_WEAK = YES;
				CLANG_WARN_BLOCK_CAPTURE_AUTORELEASING = YES;
				CLANG_WARN_BOOL_CONVERSION = YES;
				CLANG_WARN_COMMA = YES;
				CLANG_WARN_CONSTANT_CONVERSION = YES;
				CLANG_WARN_DEPRECATED_OBJC_IMPLEMENTATIONS = YES;
				CLANG_WARN_DIRECT_OBJC_ISA_USAGE = YES_ERROR;
				CLANG_WARN_DOCUMENTATION_COMMENTS = YES;
				CLANG_WARN_EMPTY_BODY = YES;
				CLANG_WARN_ENUM_CONVERSION = YES;
				CLANG_WARN_INFINITE_RECURSION = YES;
				CLANG_WARN_INT_CONVERSION = YES;
				CLANG_WARN_NON_LITERAL_NULL_CONVERSION = YES;
				CLANG_WARN_OBJC_IMPLICIT_RETAIN_SELF = YES;
				CLANG_WARN_OBJC_LITERAL_CONVERSION = YES;
				CLANG_WARN_OBJC_ROOT_CLASS = YES_ERROR;
				CLANG_WARN_RANGE_LOOP_ANALYSIS = YES;
				CLANG_WARN_STRICT_PROTOTYPES = YES;
				CLANG_WARN_SUSPICIOUS_MOVE = YES;
				CLANG_WARN_UNGUARDED_AVAILABILITY = YES_AGGRESSIVE;
				CLANG_WARN_UNREACHABLE_CODE = YES;
				CLANG_WARN__DUPLICATE_METHOD_MATCH = YES;
				CODE_SIGN_IDENTITY = "iPhone Developer";
				COPY_PHASE_STRIP = NO;
				DEBUG_INFORMATION_FORMAT = dwarf;
				ENABLE_STRICT_OBJC_MSGSEND = YES;
				ENABLE_TESTABILITY = YES;
				GCC_C_LANGUAGE_STANDARD = gnu11;
				GCC_DYNAMIC_NO_PIC = NO;
				GCC_NO_COMMON_BLOCKS = YES;
				GCC_OPTIMIZATION_LEVEL = 0;
				GCC_PREPROCESSOR_DEFINITIONS = (
					"DEBUG=1",
					"$(inherited)",
				);
				GCC_WARN_64_TO_32_BIT_CONVERSION = YES;
				GCC_WARN_ABOUT_RETURN_TYPE = YES_ERROR;
				GCC_WARN_UNDECLARED_SELECTOR = YES;
				GCC_WARN_UNINITIALIZED_AUTOS = YES_AGGRESSIVE;
				GCC_WARN_UNUSED_FUNCTION = YES;
				GCC_WARN_UNUSED_VARIABLE = YES;
				IPHONEOS_DEPLOYMENT_TARGET = 12.1;
				MTL_ENABLE_DEBUG_INFO = INCLUDE_SOURCE;
				MTL_FAST_MATH = YES;
				ONLY_ACTIVE_ARCH = YES;
				SDKROOT = iphoneos;
				SWIFT_ACTIVE_COMPILATION_CONDITIONS = DEBUG;
				SWIFT_OPTIMIZATION_LEVEL = "-Onone";
			};
			name = Debug;
		};
		115A5A1D225088040056ABE0 /* Release */ = {
			isa = XCBuildConfiguration;
			buildSettings = {
				ALWAYS_SEARCH_USER_PATHS = NO;
				CLANG_ANALYZER_NONNULL = YES;
				CLANG_ANALYZER_NUMBER_OBJECT_CONVERSION = YES_AGGRESSIVE;
				CLANG_CXX_LANGUAGE_STANDARD = "gnu++14";
				CLANG_CXX_LIBRARY = "libc++";
				CLANG_ENABLE_MODULES = YES;
				CLANG_ENABLE_OBJC_ARC = YES;
				CLANG_ENABLE_OBJC_WEAK = YES;
				CLANG_WARN_BLOCK_CAPTURE_AUTORELEASING = YES;
				CLANG_WARN_BOOL_CONVERSION = YES;
				CLANG_WARN_COMMA = YES;
				CLANG_WARN_CONSTANT_CONVERSION = YES;
				CLANG_WARN_DEPRECATED_OBJC_IMPLEMENTATIONS = YES;
				CLANG_WARN_DIRECT_OBJC_ISA_USAGE = YES_ERROR;
				CLANG_WARN_DOCUMENTATION_COMMENTS = YES;
				CLANG_WARN_EMPTY_BODY = YES;
				CLANG_WARN_ENUM_CONVERSION = YES;
				CLANG_WARN_INFINITE_RECURSION = YES;
				CLANG_WARN_INT_CONVERSION = YES;
				CLANG_WARN_NON_LITERAL_NULL_CONVERSION = YES;
				CLANG_WARN_OBJC_IMPLICIT_RETAIN_SELF = YES;
				CLANG_WARN_OBJC_LITERAL_CONVERSION = YES;
				CLANG_WARN_OBJC_ROOT_CLASS = YES_ERROR;
				CLANG_WARN_RANGE_LOOP_ANALYSIS = YES;
				CLANG_WARN_STRICT_PROTOTYPES = YES;
				CLANG_WARN_SUSPICIOUS_MOVE = YES;
				CLANG_WARN_UNGUARDED_AVAILABILITY = YES_AGGRESSIVE;
				CLANG_WARN_UNREACHABLE_CODE = YES;
				CLANG_WARN__DUPLICATE_METHOD_MATCH = YES;
				CODE_SIGN_IDENTITY = "iPhone Developer";
				COPY_PHASE_STRIP = NO;
				DEBUG_INFORMATION_FORMAT = "dwarf-with-dsym";
				ENABLE_NS_ASSERTIONS = NO;
				ENABLE_STRICT_OBJC_MSGSEND = YES;
				GCC_C_LANGUAGE_STANDARD = gnu11;
				GCC_NO_COMMON_BLOCKS = YES;
				GCC_WARN_64_TO_32_BIT_CONVERSION = YES;
				GCC_WARN_ABOUT_RETURN_TYPE = YES_ERROR;
				GCC_WARN_UNDECLARED_SELECTOR = YES;
				GCC_WARN_UNINITIALIZED_AUTOS = YES_AGGRESSIVE;
				GCC_WARN_UNUSED_FUNCTION = YES;
				GCC_WARN_UNUSED_VARIABLE = YES;
				IPHONEOS_DEPLOYMENT_TARGET = 12.1;
				MTL_ENABLE_DEBUG_INFO = NO;
				MTL_FAST_MATH = YES;
				SDKROOT = iphoneos;
				SWIFT_COMPILATION_MODE = wholemodule;
				SWIFT_OPTIMIZATION_LEVEL = "-O";
				VALIDATE_PRODUCT = YES;
			};
			name = Release;
		};
		115A5A1F225088040056ABE0 /* Debug */ = {
			isa = XCBuildConfiguration;
			buildSettings = {
				ASSETCATALOG_COMPILER_APPICON_NAME = AppIcon;
				CODE_SIGN_STYLE = Automatic;
				DEVELOPMENT_TEAM = 6753PY9LZ8;
				INFOPLIST_FILE = Music/Info.plist;
				LD_RUNPATH_SEARCH_PATHS = (
					"$(inherited)",
					"@executable_path/Frameworks",
				);
				PRODUCT_BUNDLE_IDENTIFIER = sakine.Music;
				PRODUCT_NAME = "$(TARGET_NAME)";
				SWIFT_VERSION = 4.2;
				TARGETED_DEVICE_FAMILY = "1,2";
			};
			name = Debug;
		};
		115A5A20225088040056ABE0 /* Release */ = {
			isa = XCBuildConfiguration;
			buildSettings = {
				ASSETCATALOG_COMPILER_APPICON_NAME = AppIcon;
				CODE_SIGN_STYLE = Automatic;
				DEVELOPMENT_TEAM = 6753PY9LZ8;
				INFOPLIST_FILE = Music/Info.plist;
				LD_RUNPATH_SEARCH_PATHS = (
					"$(inherited)",
					"@executable_path/Frameworks",
				);
				PRODUCT_BUNDLE_IDENTIFIER = sakine.Music;
				PRODUCT_NAME = "$(TARGET_NAME)";
				SWIFT_VERSION = 4.2;
				TARGETED_DEVICE_FAMILY = "1,2";
			};
			name = Release;
		};
		115A5A22225088040056ABE0 /* Debug */ = {
			isa = XCBuildConfiguration;
			buildSettings = {
				ALWAYS_EMBED_SWIFT_STANDARD_LIBRARIES = YES;
				BUNDLE_LOADER = "$(TEST_HOST)";
				CODE_SIGN_STYLE = Automatic;
				DEVELOPMENT_TEAM = W2T75EV2YE;
				INFOPLIST_FILE = MusicTests/Info.plist;
				LD_RUNPATH_SEARCH_PATHS = (
					"$(inherited)",
					"@executable_path/Frameworks",
					"@loader_path/Frameworks",
				);
				PRODUCT_BUNDLE_IDENTIFIER = sakine.MusicTests;
				PRODUCT_NAME = "$(TARGET_NAME)";
				SWIFT_VERSION = 4.2;
				TARGETED_DEVICE_FAMILY = "1,2";
				TEST_HOST = "$(BUILT_PRODUCTS_DIR)/Music.app/Music";
			};
			name = Debug;
		};
		115A5A23225088040056ABE0 /* Release */ = {
			isa = XCBuildConfiguration;
			buildSettings = {
				ALWAYS_EMBED_SWIFT_STANDARD_LIBRARIES = YES;
				BUNDLE_LOADER = "$(TEST_HOST)";
				CODE_SIGN_STYLE = Automatic;
				DEVELOPMENT_TEAM = W2T75EV2YE;
				INFOPLIST_FILE = MusicTests/Info.plist;
				LD_RUNPATH_SEARCH_PATHS = (
					"$(inherited)",
					"@executable_path/Frameworks",
					"@loader_path/Frameworks",
				);
				PRODUCT_BUNDLE_IDENTIFIER = sakine.MusicTests;
				PRODUCT_NAME = "$(TARGET_NAME)";
				SWIFT_VERSION = 4.2;
				TARGETED_DEVICE_FAMILY = "1,2";
				TEST_HOST = "$(BUILT_PRODUCTS_DIR)/Music.app/Music";
			};
			name = Release;
		};
		115A5A25225088040056ABE0 /* Debug */ = {
			isa = XCBuildConfiguration;
			buildSettings = {
				ALWAYS_EMBED_SWIFT_STANDARD_LIBRARIES = YES;
				CODE_SIGN_STYLE = Automatic;
				DEVELOPMENT_TEAM = W2T75EV2YE;
				INFOPLIST_FILE = MusicUITests/Info.plist;
				LD_RUNPATH_SEARCH_PATHS = (
					"$(inherited)",
					"@executable_path/Frameworks",
					"@loader_path/Frameworks",
				);
				PRODUCT_BUNDLE_IDENTIFIER = sakine.MusicUITests;
				PRODUCT_NAME = "$(TARGET_NAME)";
				SWIFT_VERSION = 4.2;
				TARGETED_DEVICE_FAMILY = "1,2";
				TEST_TARGET_NAME = Music;
			};
			name = Debug;
		};
		115A5A26225088040056ABE0 /* Release */ = {
			isa = XCBuildConfiguration;
			buildSettings = {
				ALWAYS_EMBED_SWIFT_STANDARD_LIBRARIES = YES;
				CODE_SIGN_STYLE = Automatic;
				DEVELOPMENT_TEAM = W2T75EV2YE;
				INFOPLIST_FILE = MusicUITests/Info.plist;
				LD_RUNPATH_SEARCH_PATHS = (
					"$(inherited)",
					"@executable_path/Frameworks",
					"@loader_path/Frameworks",
				);
				PRODUCT_BUNDLE_IDENTIFIER = sakine.MusicUITests;
				PRODUCT_NAME = "$(TARGET_NAME)";
				SWIFT_VERSION = 4.2;
				TARGETED_DEVICE_FAMILY = "1,2";
				TEST_TARGET_NAME = Music;
			};
			name = Release;
		};
/* End XCBuildConfiguration section */

/* Begin XCConfigurationList section */
		115A59F1225088030056ABE0 /* Build configuration list for PBXProject "Music" */ = {
			isa = XCConfigurationList;
			buildConfigurations = (
				115A5A1C225088040056ABE0 /* Debug */,
				115A5A1D225088040056ABE0 /* Release */,
			);
			defaultConfigurationIsVisible = 0;
			defaultConfigurationName = Release;
		};
		115A5A1E225088040056ABE0 /* Build configuration list for PBXNativeTarget "Music" */ = {
			isa = XCConfigurationList;
			buildConfigurations = (
				115A5A1F225088040056ABE0 /* Debug */,
				115A5A20225088040056ABE0 /* Release */,
			);
			defaultConfigurationIsVisible = 0;
			defaultConfigurationName = Release;
		};
		115A5A21225088040056ABE0 /* Build configuration list for PBXNativeTarget "MusicTests" */ = {
			isa = XCConfigurationList;
			buildConfigurations = (
				115A5A22225088040056ABE0 /* Debug */,
				115A5A23225088040056ABE0 /* Release */,
			);
			defaultConfigurationIsVisible = 0;
			defaultConfigurationName = Release;
		};
		115A5A24225088040056ABE0 /* Build configuration list for PBXNativeTarget "MusicUITests" */ = {
			isa = XCConfigurationList;
			buildConfigurations = (
				115A5A25225088040056ABE0 /* Debug */,
				115A5A26225088040056ABE0 /* Release */,
			);
			defaultConfigurationIsVisible = 0;
			defaultConfigurationName = Release;
		};
/* End XCConfigurationList section */
	};
	rootObject = 115A59EE225088030056ABE0 /* Project object */;
}
